// !$*UTF8*$!
{
	archiveVersion = 1;
	classes = {
	};
	objectVersion = 56;
	objects = {

/* Begin PBXBuildFile section */
		1BA0C07F2C323FF000FC18D8 /* ViewDetailController.swift in Sources */ = {isa = PBXBuildFile; fileRef = 1BA0C07D2C323FF000FC18D8 /* ViewDetailController.swift */; };
		1BA0C0802C323FF000FC18D8 /* ViewDetailController.xib in Resources */ = {isa = PBXBuildFile; fileRef = 1BA0C07E2C323FF000FC18D8 /* ViewDetailController.xib */; };
		1BA807DA2C223E31002D9F8F /* AppDelegate.swift in Sources */ = {isa = PBXBuildFile; fileRef = 1BA807D92C223E31002D9F8F /* AppDelegate.swift */; };
		1BA807DC2C223E31002D9F8F /* SceneDelegate.swift in Sources */ = {isa = PBXBuildFile; fileRef = 1BA807DB2C223E31002D9F8F /* SceneDelegate.swift */; };
		1BA807DE2C223E31002D9F8F /* ViewControllerCharacter.swift in Sources */ = {isa = PBXBuildFile; fileRef = 1BA807DD2C223E31002D9F8F /* ViewControllerCharacter.swift */; };
		1BA807E12C223E31002D9F8F /* Base in Resources */ = {isa = PBXBuildFile; fileRef = 1BA807E02C223E31002D9F8F /* Base */; };
		1BA807E32C223E32002D9F8F /* Assets.xcassets in Resources */ = {isa = PBXBuildFile; fileRef = 1BA807E22C223E32002D9F8F /* Assets.xcassets */; };
		1BA807E62C223E32002D9F8F /* Base in Resources */ = {isa = PBXBuildFile; fileRef = 1BA807E52C223E32002D9F8F /* Base */; };
		1BA807F12C227037002D9F8F /* Character.swift in Sources */ = {isa = PBXBuildFile; fileRef = 1BA807F02C227037002D9F8F /* Character.swift */; };
		1BA807F32C227067002D9F8F /* ViewModelCharacter.swift in Sources */ = {isa = PBXBuildFile; fileRef = 1BA807F22C227067002D9F8F /* ViewModelCharacter.swift */; };
		1BC7D2782C363764004A10B3 /* EpisodeTableViewCell.swift in Sources */ = {isa = PBXBuildFile; fileRef = 1BC7D2762C363764004A10B3 /* EpisodeTableViewCell.swift */; };
		1BC7D2792C363764004A10B3 /* EpisodeTableViewCell.xib in Resources */ = {isa = PBXBuildFile; fileRef = 1BC7D2772C363764004A10B3 /* EpisodeTableViewCell.xib */; };
		1BEF76DD2C3A3D0D00331C17 /* APIHandler.swift in Sources */ = {isa = PBXBuildFile; fileRef = 1BEF76DC2C3A3D0D00331C17 /* APIHandler.swift */; };
/* End PBXBuildFile section */

/* Begin PBXFileReference section */
		1BA0C07D2C323FF000FC18D8 /* ViewDetailController.swift */ = {isa = PBXFileReference; lastKnownFileType = sourcecode.swift; path = ViewDetailController.swift; sourceTree = "<group>"; };
		1BA0C07E2C323FF000FC18D8 /* ViewDetailController.xib */ = {isa = PBXFileReference; lastKnownFileType = file.xib; path = ViewDetailController.xib; sourceTree = "<group>"; };
		1BA807D62C223E31002D9F8F /* RickAndMorty.app */ = {isa = PBXFileReference; explicitFileType = wrapper.application; includeInIndex = 0; path = RickAndMorty.app; sourceTree = BUILT_PRODUCTS_DIR; };
		1BA807D92C223E31002D9F8F /* AppDelegate.swift */ = {isa = PBXFileReference; lastKnownFileType = sourcecode.swift; path = AppDelegate.swift; sourceTree = "<group>"; };
		1BA807DB2C223E31002D9F8F /* SceneDelegate.swift */ = {isa = PBXFileReference; lastKnownFileType = sourcecode.swift; path = SceneDelegate.swift; sourceTree = "<group>"; };
		1BA807DD2C223E31002D9F8F /* ViewControllerCharacter.swift */ = {isa = PBXFileReference; lastKnownFileType = sourcecode.swift; path = ViewControllerCharacter.swift; sourceTree = "<group>"; };
		1BA807E02C223E31002D9F8F /* Base */ = {isa = PBXFileReference; lastKnownFileType = file.storyboard; name = Base; path = Base.lproj/Main.storyboard; sourceTree = "<group>"; };
		1BA807E22C223E32002D9F8F /* Assets.xcassets */ = {isa = PBXFileReference; lastKnownFileType = folder.assetcatalog; path = Assets.xcassets; sourceTree = "<group>"; };
		1BA807E52C223E32002D9F8F /* Base */ = {isa = PBXFileReference; lastKnownFileType = file.storyboard; name = Base; path = Base.lproj/LaunchScreen.storyboard; sourceTree = "<group>"; };
		1BA807E72C223E32002D9F8F /* Info.plist */ = {isa = PBXFileReference; lastKnownFileType = text.plist.xml; path = Info.plist; sourceTree = "<group>"; };
		1BA807F02C227037002D9F8F /* Character.swift */ = {isa = PBXFileReference; lastKnownFileType = sourcecode.swift; path = Character.swift; sourceTree = "<group>"; };
		1BA807F22C227067002D9F8F /* ViewModelCharacter.swift */ = {isa = PBXFileReference; lastKnownFileType = sourcecode.swift; path = ViewModelCharacter.swift; sourceTree = "<group>"; };
		1BC7D2762C363764004A10B3 /* EpisodeTableViewCell.swift */ = {isa = PBXFileReference; lastKnownFileType = sourcecode.swift; path = EpisodeTableViewCell.swift; sourceTree = "<group>"; };
		1BC7D2772C363764004A10B3 /* EpisodeTableViewCell.xib */ = {isa = PBXFileReference; lastKnownFileType = file.xib; path = EpisodeTableViewCell.xib; sourceTree = "<group>"; };
		1BEF76DC2C3A3D0D00331C17 /* APIHandler.swift */ = {isa = PBXFileReference; lastKnownFileType = sourcecode.swift; path = APIHandler.swift; sourceTree = "<group>"; };
/* End PBXFileReference section */

/* Begin PBXFrameworksBuildPhase section */
		1BA807D32C223E31002D9F8F /* Frameworks */ = {
			isa = PBXFrameworksBuildPhase;
			buildActionMask = 2147483647;
			files = (
			);
			runOnlyForDeploymentPostprocessing = 0;
		};
/* End PBXFrameworksBuildPhase section */

/* Begin PBXGroup section */
		1BA807CD2C223E31002D9F8F = {
			isa = PBXGroup;
			children = (
				1BA807D82C223E31002D9F8F /* RickAndMorty */,
				1BA807D72C223E31002D9F8F /* Products */,
			);
			sourceTree = "<group>";
		};
		1BA807D72C223E31002D9F8F /* Products */ = {
			isa = PBXGroup;
			children = (
				1BA807D62C223E31002D9F8F /* RickAndMorty.app */,
			);
			name = Products;
			sourceTree = "<group>";
		};
		1BA807D82C223E31002D9F8F /* RickAndMorty */ = {
			isa = PBXGroup;
			children = (
				1BEF76DB2C3A3CF200331C17 /* APIHandler */,
				1BEF76D52C3A36DB00331C17 /* MainViewController */,
				1BA807EF2C223EA2002D9F8F /* ViewModel */,
				1BA807EE2C223E9A002D9F8F /* DetailCharacter */,
				1BA807ED2C223E91002D9F8F /* Model */,
				1BA807D92C223E31002D9F8F /* AppDelegate.swift */,
				1BA807DB2C223E31002D9F8F /* SceneDelegate.swift */,
				1BA807E22C223E32002D9F8F /* Assets.xcassets */,
				1BA807E42C223E32002D9F8F /* LaunchScreen.storyboard */,
				1BA807E72C223E32002D9F8F /* Info.plist */,
			);
			path = RickAndMorty;
			sourceTree = "<group>";
		};
		1BA807ED2C223E91002D9F8F /* Model */ = {
			isa = PBXGroup;
			children = (
				1BA807F02C227037002D9F8F /* Character.swift */,
			);
			path = Model;
			sourceTree = "<group>";
		};
		1BA807EE2C223E9A002D9F8F /* DetailCharacter */ = {
			isa = PBXGroup;
			children = (
				1BA0C07D2C323FF000FC18D8 /* ViewDetailController.swift */,
				1BA0C07E2C323FF000FC18D8 /* ViewDetailController.xib */,
				1BEF76D42C3A360700331C17 /* Components */,
				1BC7D2762C363764004A10B3 /* EpisodeTableViewCell.swift */,
				1BC7D2772C363764004A10B3 /* EpisodeTableViewCell.xib */,
			);
			path = DetailCharacter;
			sourceTree = "<group>";
		};
		1BA807EF2C223EA2002D9F8F /* ViewModel */ = {
			isa = PBXGroup;
			children = (
				1BA807F22C227067002D9F8F /* ViewModelCharacter.swift */,
			);
			path = ViewModel;
			sourceTree = "<group>";
		};
		1BEF76D42C3A360700331C17 /* Components */ = {
			isa = PBXGroup;
			children = (
			);
			path = Components;
			sourceTree = "<group>";
		};
		1BEF76D52C3A36DB00331C17 /* MainViewController */ = {
			isa = PBXGroup;
			children = (
				1BA807DD2C223E31002D9F8F /* ViewControllerCharacter.swift */,
				1BA807DF2C223E31002D9F8F /* Main.storyboard */,
			);
			path = MainViewController;
			sourceTree = "<group>";
		};
		1BEF76DB2C3A3CF200331C17 /* APIHandler */ = {
			isa = PBXGroup;
			children = (
				1BEF76DC2C3A3D0D00331C17 /* APIHandler.swift */,
			);
			path = APIHandler;
			sourceTree = "<group>";
		};
/* End PBXGroup section */

/* Begin PBXNativeTarget section */
		1BA807D52C223E31002D9F8F /* RickAndMorty */ = {
			isa = PBXNativeTarget;
			buildConfigurationList = 1BA807EA2C223E32002D9F8F /* Build configuration list for PBXNativeTarget "RickAndMorty" */;
			buildPhases = (
				1BA807D22C223E31002D9F8F /* Sources */,
				1BA807D32C223E31002D9F8F /* Frameworks */,
				1BA807D42C223E31002D9F8F /* Resources */,
			);
			buildRules = (
			);
			dependencies = (
			);
			name = RickAndMorty;
			productName = RickAndMorty;
			productReference = 1BA807D62C223E31002D9F8F /* RickAndMorty.app */;
			productType = "com.apple.product-type.application";
		};
/* End PBXNativeTarget section */

/* Begin PBXProject section */
		1BA807CE2C223E31002D9F8F /* Project object */ = {
			isa = PBXProject;
			attributes = {
				BuildIndependentTargetsInParallel = 1;
				LastSwiftUpdateCheck = 1540;
				LastUpgradeCheck = 1540;
				TargetAttributes = {
					1BA807D52C223E31002D9F8F = {
						CreatedOnToolsVersion = 15.4;
					};
				};
			};
			buildConfigurationList = 1BA807D12C223E31002D9F8F /* Build configuration list for PBXProject "RickAndMorty" */;
			compatibilityVersion = "Xcode 14.0";
			developmentRegion = en;
			hasScannedForEncodings = 0;
			knownRegions = (
				en,
				Base,
			);
			mainGroup = 1BA807CD2C223E31002D9F8F;
			productRefGroup = 1BA807D72C223E31002D9F8F /* Products */;
			projectDirPath = "";
			projectRoot = "";
			targets = (
				1BA807D52C223E31002D9F8F /* RickAndMorty */,
			);
		};
/* End PBXProject section */

/* Begin PBXResourcesBuildPhase section */
		1BA807D42C223E31002D9F8F /* Resources */ = {
			isa = PBXResourcesBuildPhase;
			buildActionMask = 2147483647;
			files = (
				1BA807E32C223E32002D9F8F /* Assets.xcassets in Resources */,
				1BA807E62C223E32002D9F8F /* Base in Resources */,
				1BA807E12C223E31002D9F8F /* Base in Resources */,
				1BC7D2792C363764004A10B3 /* EpisodeTableViewCell.xib in Resources */,
				1BA0C0802C323FF000FC18D8 /* ViewDetailController.xib in Resources */,
			);
			runOnlyForDeploymentPostprocessing = 0;
		};
/* End PBXResourcesBuildPhase section */

/* Begin PBXSourcesBuildPhase section */
		1BA807D22C223E31002D9F8F /* Sources */ = {
			isa = PBXSourcesBuildPhase;
			buildActionMask = 2147483647;
			files = (
				1BA807DE2C223E31002D9F8F /* ViewControllerCharacter.swift in Sources */,
				1BC7D2782C363764004A10B3 /* EpisodeTableViewCell.swift in Sources */,
				1BA807DA2C223E31002D9F8F /* AppDelegate.swift in Sources */,
				1BA807F32C227067002D9F8F /* ViewModelCharacter.swift in Sources */,
				1BA0C07F2C323FF000FC18D8 /* ViewDetailController.swift in Sources */,
				1BEF76DD2C3A3D0D00331C17 /* APIHandler.swift in Sources */,
				1BA807DC2C223E31002D9F8F /* SceneDelegate.swift in Sources */,
				1BA807F12C227037002D9F8F /* Character.swift in Sources */,
			);
			runOnlyForDeploymentPostprocessing = 0;
		};
/* End PBXSourcesBuildPhase section */

/* Begin PBXVariantGroup section */
		1BA807DF2C223E31002D9F8F /* Main.storyboard */ = {
			isa = PBXVariantGroup;
			children = (
				1BA807E02C223E31002D9F8F /* Base */,
			);
			name = Main.storyboard;
			sourceTree = "<group>";
		};
		1BA807E42C223E32002D9F8F /* LaunchScreen.storyboard */ = {
			isa = PBXVariantGroup;
			children = (
				1BA807E52C223E32002D9F8F /* Base */,
			);
			name = LaunchScreen.storyboard;
			sourceTree = "<group>";
		};
/* End PBXVariantGroup section */

/* Begin XCBuildConfiguration section */
		1BA807E82C223E32002D9F8F /* Debug */ = {
			isa = XCBuildConfiguration;
			buildSettings = {
				ALWAYS_SEARCH_USER_PATHS = NO;
				ASSETCATALOG_COMPILER_GENERATE_SWIFT_ASSET_SYMBOL_EXTENSIONS = YES;
				CLANG_ANALYZER_NONNULL = YES;
				CLANG_ANALYZER_NUMBER_OBJECT_CONVERSION = YES_AGGRESSIVE;
				CLANG_CXX_LANGUAGE_STANDARD = "gnu++20";
				CLANG_ENABLE_MODULES = YES;
				CLANG_ENABLE_OBJC_ARC = YES;
				CLANG_ENABLE_OBJC_WEAK = YES;
				CLANG_WARN_BLOCK_CAPTURE_AUTORELEASING = YES;
				CLANG_WARN_BOOL_CONVERSION = YES;
				CLANG_WARN_COMMA = YES;
				CLANG_WARN_CONSTANT_CONVERSION = YES;
				CLANG_WARN_DEPRECATED_OBJC_IMPLEMENTATIONS = YES;
				CLANG_WARN_DIRECT_OBJC_ISA_USAGE = YES_ERROR;
				CLANG_WARN_DOCUMENTATION_COMMENTS = YES;
				CLANG_WARN_EMPTY_BODY = YES;
				CLANG_WARN_ENUM_CONVERSION = YES;
				CLANG_WARN_INFINITE_RECURSION = YES;
				CLANG_WARN_INT_CONVERSION = YES;
				CLANG_WARN_NON_LITERAL_NULL_CONVERSION = YES;
				CLANG_WARN_OBJC_IMPLICIT_RETAIN_SELF = YES;
				CLANG_WARN_OBJC_LITERAL_CONVERSION = YES;
				CLANG_WARN_OBJC_ROOT_CLASS = YES_ERROR;
				CLANG_WARN_QUOTED_INCLUDE_IN_FRAMEWORK_HEADER = YES;
				CLANG_WARN_RANGE_LOOP_ANALYSIS = YES;
				CLANG_WARN_STRICT_PROTOTYPES = YES;
				CLANG_WARN_SUSPICIOUS_MOVE = YES;
				CLANG_WARN_UNGUARDED_AVAILABILITY = YES_AGGRESSIVE;
				CLANG_WARN_UNREACHABLE_CODE = YES;
				CLANG_WARN__DUPLICATE_METHOD_MATCH = YES;
				COPY_PHASE_STRIP = NO;
				DEBUG_INFORMATION_FORMAT = dwarf;
				ENABLE_STRICT_OBJC_MSGSEND = YES;
				ENABLE_TESTABILITY = YES;
				ENABLE_USER_SCRIPT_SANDBOXING = YES;
				GCC_C_LANGUAGE_STANDARD = gnu17;
				GCC_DYNAMIC_NO_PIC = NO;
				GCC_NO_COMMON_BLOCKS = YES;
				GCC_OPTIMIZATION_LEVEL = 0;
				GCC_PREPROCESSOR_DEFINITIONS = (
					"DEBUG=1",
					"$(inherited)",
				);
				GCC_WARN_64_TO_32_BIT_CONVERSION = YES;
				GCC_WARN_ABOUT_RETURN_TYPE = YES_ERROR;
				GCC_WARN_UNDECLARED_SELECTOR = YES;
				GCC_WARN_UNINITIALIZED_AUTOS = YES_AGGRESSIVE;
				GCC_WARN_UNUSED_FUNCTION = YES;
				GCC_WARN_UNUSED_VARIABLE = YES;
				IPHONEOS_DEPLOYMENT_TARGET = 17.5;
				LOCALIZATION_PREFERS_STRING_CATALOGS = YES;
				MTL_ENABLE_DEBUG_INFO = INCLUDE_SOURCE;
				MTL_FAST_MATH = YES;
				ONLY_ACTIVE_ARCH = YES;
				SDKROOT = iphoneos;
				SWIFT_ACTIVE_COMPILATION_CONDITIONS = "DEBUG $(inherited)";
				SWIFT_OPTIMIZATION_LEVEL = "-Onone";
			};
			name = Debug;
		};
		1BA807E92C223E32002D9F8F /* Release */ = {
			isa = XCBuildConfiguration;
			buildSettings = {
				ALWAYS_SEARCH_USER_PATHS = NO;
				ASSETCATALOG_COMPILER_GENERATE_SWIFT_ASSET_SYMBOL_EXTENSIONS = YES;
				CLANG_ANALYZER_NONNULL = YES;
				CLANG_ANALYZER_NUMBER_OBJECT_CONVERSION = YES_AGGRESSIVE;
				CLANG_CXX_LANGUAGE_STANDARD = "gnu++20";
				CLANG_ENABLE_MODULES = YES;
				CLANG_ENABLE_OBJC_ARC = YES;
				CLANG_ENABLE_OBJC_WEAK = YES;
				CLANG_WARN_BLOCK_CAPTURE_AUTORELEASING = YES;
				CLANG_WARN_BOOL_CONVERSION = YES;
				CLANG_WARN_COMMA = YES;
				CLANG_WARN_CONSTANT_CONVERSION = YES;
				CLANG_WARN_DEPRECATED_OBJC_IMPLEMENTATIONS = YES;
				CLANG_WARN_DIRECT_OBJC_ISA_USAGE = YES_ERROR;
				CLANG_WARN_DOCUMENTATION_COMMENTS = YES;
				CLANG_WARN_EMPTY_BODY = YES;
				CLANG_WARN_ENUM_CONVERSION = YES;
				CLANG_WARN_INFINITE_RECURSION = YES;
				CLANG_WARN_INT_CONVERSION = YES;
				CLANG_WARN_NON_LITERAL_NULL_CONVERSION = YES;
				CLANG_WARN_OBJC_IMPLICIT_RETAIN_SELF = YES;
				CLANG_WARN_OBJC_LITERAL_CONVERSION = YES;
				CLANG_WARN_OBJC_ROOT_CLASS = YES_ERROR;
				CLANG_WARN_QUOTED_INCLUDE_IN_FRAMEWORK_HEADER = YES;
				CLANG_WARN_RANGE_LOOP_ANALYSIS = YES;
				CLANG_WARN_STRICT_PROTOTYPES = YES;
				CLANG_WARN_SUSPICIOUS_MOVE = YES;
				CLANG_WARN_UNGUARDED_AVAILABILITY = YES_AGGRESSIVE;
				CLANG_WARN_UNREACHABLE_CODE = YES;
				CLANG_WARN__DUPLICATE_METHOD_MATCH = YES;
				COPY_PHASE_STRIP = NO;
				DEBUG_INFORMATION_FORMAT = "dwarf-with-dsym";
				ENABLE_NS_ASSERTIONS = NO;
				ENABLE_STRICT_OBJC_MSGSEND = YES;
				ENABLE_USER_SCRIPT_SANDBOXING = YES;
				GCC_C_LANGUAGE_STANDARD = gnu17;
				GCC_NO_COMMON_BLOCKS = YES;
				GCC_WARN_64_TO_32_BIT_CONVERSION = YES;
				GCC_WARN_ABOUT_RETURN_TYPE = YES_ERROR;
				GCC_WARN_UNDECLARED_SELECTOR = YES;
				GCC_WARN_UNINITIALIZED_AUTOS = YES_AGGRESSIVE;
				GCC_WARN_UNUSED_FUNCTION = YES;
				GCC_WARN_UNUSED_VARIABLE = YES;
				IPHONEOS_DEPLOYMENT_TARGET = 17.5;
				LOCALIZATION_PREFERS_STRING_CATALOGS = YES;
				MTL_ENABLE_DEBUG_INFO = NO;
				MTL_FAST_MATH = YES;
				SDKROOT = iphoneos;
				SWIFT_COMPILATION_MODE = wholemodule;
				VALIDATE_PRODUCT = YES;
			};
			name = Release;
		};
		1BA807EB2C223E32002D9F8F /* Debug */ = {
			isa = XCBuildConfiguration;
			buildSettings = {
				ASSETCATALOG_COMPILER_APPICON_NAME = AppIcon;
				ASSETCATALOG_COMPILER_GLOBAL_ACCENT_COLOR_NAME = AccentColor;
				CODE_SIGN_STYLE = Automatic;
				CURRENT_PROJECT_VERSION = 1;
				GENERATE_INFOPLIST_FILE = YES;
				INFOPLIST_FILE = RickAndMorty/Info.plist;
				INFOPLIST_KEY_UIApplicationSupportsIndirectInputEvents = YES;
				INFOPLIST_KEY_UILaunchStoryboardName = LaunchScreen;
				INFOPLIST_KEY_UIMainStoryboardFile = Main;
				INFOPLIST_KEY_UISupportedInterfaceOrientations_iPad = "UIInterfaceOrientationPortrait UIInterfaceOrientationPortraitUpsideDown UIInterfaceOrientationLandscapeLeft UIInterfaceOrientationLandscapeRight";
				INFOPLIST_KEY_UISupportedInterfaceOrientations_iPhone = "UIInterfaceOrientationPortrait UIInterfaceOrientationLandscapeLeft UIInterfaceOrientationLandscapeRight";
				LD_RUNPATH_SEARCH_PATHS = (
					"$(inherited)",
					"@executable_path/Frameworks",
				);
				MARKETING_VERSION = 1.0;
				PRODUCT_BUNDLE_IDENTIFIER = com.huguitodev.RickAndMorty;
				PRODUCT_NAME = "$(TARGET_NAME)";
				SWIFT_EMIT_LOC_STRINGS = YES;
				SWIFT_VERSION = 5.0;
				TARGETED_DEVICE_FAMILY = "1,2";
			};
			name = Debug;
		};
		1BA807EC2C223E32002D9F8F /* Release */ = {
			isa = XCBuildConfiguration;
			buildSettings = {
				ASSETCATALOG_COMPILER_APPICON_NAME = AppIcon;
				ASSETCATALOG_COMPILER_GLOBAL_ACCENT_COLOR_NAME = AccentColor;
				CODE_SIGN_STYLE = Automatic;
				CURRENT_PROJECT_VERSION = 1;
				GENERATE_INFOPLIST_FILE = YES;
				INFOPLIST_FILE = RickAndMorty/Info.plist;
				INFOPLIST_KEY_UIApplicationSupportsIndirectInputEvents = YES;
				INFOPLIST_KEY_UILaunchStoryboardName = LaunchScreen;
				INFOPLIST_KEY_UIMainStoryboardFile = Main;
				INFOPLIST_KEY_UISupportedInterfaceOrientations_iPad = "UIInterfaceOrientationPortrait UIInterfaceOrientationPortraitUpsideDown UIInterfaceOrientationLandscapeLeft UIInterfaceOrientationLandscapeRight";
				INFOPLIST_KEY_UISupportedInterfaceOrientations_iPhone = "UIInterfaceOrientationPortrait UIInterfaceOrientationLandscapeLeft UIInterfaceOrientationLandscapeRight";
				LD_RUNPATH_SEARCH_PATHS = (
					"$(inherited)",
					"@executable_path/Frameworks",
				);
				MARKETING_VERSION = 1.0;
				PRODUCT_BUNDLE_IDENTIFIER = com.huguitodev.RickAndMorty;
				PRODUCT_NAME = "$(TARGET_NAME)";
				SWIFT_EMIT_LOC_STRINGS = YES;
				SWIFT_VERSION = 5.0;
				TARGETED_DEVICE_FAMILY = "1,2";
			};
			name = Release;
		};
/* End XCBuildConfiguration section */

/* Begin XCConfigurationList section */
		1BA807D12C223E31002D9F8F /* Build configuration list for PBXProject "RickAndMorty" */ = {
			isa = XCConfigurationList;
			buildConfigurations = (
				1BA807E82C223E32002D9F8F /* Debug */,
				1BA807E92C223E32002D9F8F /* Release */,
			);
			defaultConfigurationIsVisible = 0;
			defaultConfigurationName = Release;
		};
		1BA807EA2C223E32002D9F8F /* Build configuration list for PBXNativeTarget "RickAndMorty" */ = {
			isa = XCConfigurationList;
			buildConfigurations = (
				1BA807EB2C223E32002D9F8F /* Debug */,
				1BA807EC2C223E32002D9F8F /* Release */,
			);
			defaultConfigurationIsVisible = 0;
			defaultConfigurationName = Release;
		};
/* End XCConfigurationList section */
	};
	rootObject = 1BA807CE2C223E31002D9F8F /* Project object */;
}
